<?xml version="1.0" encoding="utf-8"?>
<Project ToolsVersion="4.0" xmlns="http://schemas.microsoft.com/developer/msbuild/2003">
  <ItemGroup>
    <Filter Include="Source Files">
      <UniqueIdentifier>{4FC737F1-C7A5-4376-A066-2A32D752A2FF}</UniqueIdentifier>
      <Extensions>cpp;c;cc;cxx;def;odl;idl;hpj;bat;asm;asmx</Extensions>
    </Filter>
    <Filter Include="Header Files">
      <UniqueIdentifier>{93995380-89BD-4b04-88EB-625FBE52EBFB}</UniqueIdentifier>
      <Extensions>h;hh;hpp;hxx;hm;inl;inc;xsd</Extensions>
    </Filter>
    <Filter Include="Resource Files">
      <UniqueIdentifier>{67DA6AB6-F800-4c08-8B7A-83BB121AAD01}</UniqueIdentifier>
      <Extensions>rc;ico;cur;bmp;dlg;rc2;rct;bin;rgs;gif;jpg;jpeg;jpe;resx;tiff;tif;png;wav;mfcribbon-ms</Extensions>
    </Filter>
    <Filter Include="Framework Files">
      <UniqueIdentifier>{4984f30f-e5d9-4e6d-9ffd-ddb356960a7b}</UniqueIdentifier>
    </Filter>
    <Filter Include="Source Files\Map">
      <UniqueIdentifier>{7f76d0c3-b80e-4828-84cb-2f813c028093}</UniqueIdentifier>
    </Filter>
    <Filter Include="Source Files\Objects Collection">
      <UniqueIdentifier>{87ada56e-55ed-4674-bf24-40183f05f548}</UniqueIdentifier>
    </Filter>
    <Filter Include="Source Files\Objects Collection\Enemy">
      <UniqueIdentifier>{353d229a-7ec1-4409-81bb-4bc4b1f1a503}</UniqueIdentifier>
    </Filter>
    <Filter Include="Source Files\Objects Collection\Simon">
      <UniqueIdentifier>{b2430dd8-196f-49f7-8c12-91a47ec59d5f}</UniqueIdentifier>
    </Filter>
    <Filter Include="Source Files\Objects Collection\Static Object">
      <UniqueIdentifier>{ad30e099-228f-4235-80e0-742eec14daf7}</UniqueIdentifier>
    </Filter>
    <Filter Include="Source Files\Objects Collection\Weapon">
      <UniqueIdentifier>{c0b0ca75-ee74-426d-9fc8-57dc73aa7ad5}</UniqueIdentifier>
    </Filter>
    <Filter Include="Source Files\Objects Collection\Weapon\SupWeapon">
      <UniqueIdentifier>{cddd2582-2b0f-4e92-8054-68455c9e9e71}</UniqueIdentifier>
    </Filter>
    <Filter Include="Source Files\Objects Collection\Static Object\Hidden">
      <UniqueIdentifier>{a84f28ab-c3dd-4bab-a82b-f7b0569f7289}</UniqueIdentifier>
    </Filter>
    <Filter Include="Source Files\Objects Collection\Item">
      <UniqueIdentifier>{2360c3e7-2229-432b-ba37-434b444bdc02}</UniqueIdentifier>
    </Filter>
    <Filter Include="Source Files\Ultilty">
      <UniqueIdentifier>{ee1f515a-5d76-4474-a9ff-ddca4c8b6e57}</UniqueIdentifier>
    </Filter>
    <Filter Include="Source Files\Scene">
      <UniqueIdentifier>{c5df3e83-602a-4c16-b3ae-a2501cbd4ee1}</UniqueIdentifier>
    </Filter>
  </ItemGroup>
  <ItemGroup>
    <ClInclude Include="Textures.h">
      <Filter>Framework Files</Filter>
    </ClInclude>
    <ClInclude Include="Sprites.h">
      <Filter>Framework Files</Filter>
    </ClInclude>
    <ClInclude Include="debug.h">
      <Filter>Source Files\Ultilty</Filter>
    </ClInclude>
    <ClInclude Include="Define.h">
      <Filter>Source Files\Ultilty</Filter>
    </ClInclude>
    <ClInclude Include="Animations.h">
      <Filter>Framework Files</Filter>
    </ClInclude>
    <ClInclude Include="Game.h">
      <Filter>Framework Files</Filter>
    </ClInclude>
    <ClInclude Include="GameObject.h">
      <Filter>Framework Files</Filter>
    </ClInclude>
    <ClInclude Include="ReadResourceFile.h">
      <Filter>Source Files\Ultilty</Filter>
    </ClInclude>
    <ClInclude Include="PlayScene.h">
      <Filter>Source Files\Scene</Filter>
    </ClInclude>
    <ClInclude Include="resource.h">
      <Filter>Header Files</Filter>
    </ClInclude>
    <ClInclude Include="TileMap.h">
      <Filter>Source Files\Map</Filter>
    </ClInclude>
    <ClInclude Include="Simon.h">
      <Filter>Source Files\Objects Collection\Simon</Filter>
    </ClInclude>
    <ClInclude Include="Whip.h">
      <Filter>Source Files\Objects Collection\Weapon</Filter>
    </ClInclude>
    <ClInclude Include="Knife.h">
      <Filter>Source Files\Objects Collection\Weapon\SupWeapon</Filter>
    </ClInclude>
    <ClInclude Include="Entrace.h">
      <Filter>Source Files\Objects Collection\Static Object\Hidden</Filter>
    </ClInclude>
    <ClInclude Include="Goomba.h">
      <Filter>Source Files\Objects Collection\Enemy</Filter>
    </ClInclude>
    <ClInclude Include="Mario.h">
      <Filter>Source Files\Objects Collection\Simon</Filter>
    </ClInclude>
    <ClInclude Include="Candle.h">
      <Filter>Source Files\Objects Collection\Static Object</Filter>
    </ClInclude>
    <ClInclude Include="IHeart.h">
      <Filter>Source Files\Objects Collection\Item</Filter>
    </ClInclude>
    <ClInclude Include="IKnife.h">
      <Filter>Source Files\Objects Collection\Item</Filter>
    </ClInclude>
    <ClInclude Include="IWhip.h">
      <Filter>Source Files\Objects Collection\Item</Filter>
    </ClInclude>
    <ClInclude Include="MoneyBagTrigger.h">
      <Filter>Source Files\Objects Collection\Static Object\Hidden</Filter>
    </ClInclude>
    <ClInclude Include="IMoneyBag.h">
      <Filter>Source Files\Objects Collection\Item</Filter>
    </ClInclude>
    <ClInclude Include="Effect.h">
      <Filter>Source Files\Objects Collection\Static Object</Filter>
    </ClInclude>
    <ClInclude Include="ChangeScene.h">
      <Filter>Source Files\Objects Collection\Static Object\Hidden</Filter>
    </ClInclude>
    <ClInclude Include="PScene.h">
      <Filter>Source Files\Scene</Filter>
    </ClInclude>
    <ClInclude Include="Item.h">
      <Filter>Source Files\Objects Collection\Item</Filter>
    </ClInclude>
    <ClInclude Include="Brick.h">
      <Filter>Source Files\Objects Collection\Static Object\Hidden</Filter>
    </ClInclude>
    <ClInclude Include="Wall.h">
      <Filter>Source Files\Objects Collection\Static Object\Hidden</Filter>
    </ClInclude>
  </ItemGroup>
  <ItemGroup>
    <ClCompile Include="main.cpp">
      <Filter>Source Files</Filter>
    </ClCompile>
    <ClCompile Include="Sprites.cpp">
      <Filter>Framework Files</Filter>
    </ClCompile>
    <ClCompile Include="Textures.cpp">
      <Filter>Framework Files</Filter>
    </ClCompile>
    <ClCompile Include="debug.cpp">
      <Filter>Source Files\Ultilty</Filter>
    </ClCompile>
    <ClCompile Include="Animations.cpp">
      <Filter>Framework Files</Filter>
    </ClCompile>
    <ClCompile Include="Game.cpp">
      <Filter>Framework Files</Filter>
    </ClCompile>
    <ClCompile Include="GameObject.cpp">
      <Filter>Framework Files</Filter>
    </ClCompile>
    <ClCompile Include="ReadResourceFile.cpp">
      <Filter>Source Files\Ultilty</Filter>
    </ClCompile>
    <ClCompile Include="PlayScene.cpp">
      <Filter>Source Files\Scene</Filter>
    </ClCompile>
    <ClCompile Include="TileMap.cpp">
      <Filter>Source Files\Map</Filter>
    </ClCompile>
    <ClCompile Include="Simon.cpp">
      <Filter>Source Files\Objects Collection\Simon</Filter>
    </ClCompile>
    <ClCompile Include="Whip.cpp">
      <Filter>Source Files\Objects Collection\Weapon</Filter>
    </ClCompile>
    <ClCompile Include="Knife.cpp">
      <Filter>Source Files\Objects Collection\Weapon\SupWeapon</Filter>
    </ClCompile>
    <ClCompile Include="Entrace.cpp">
      <Filter>Source Files\Objects Collection\Static Object\Hidden</Filter>
    </ClCompile>
    <ClCompile Include="Goomba.cpp">
      <Filter>Source Files\Objects Collection\Enemy</Filter>
    </ClCompile>
    <ClCompile Include="Mario.cpp">
      <Filter>Source Files\Objects Collection\Simon</Filter>
    </ClCompile>
    <ClCompile Include="Candle.cpp">
      <Filter>Source Files\Objects Collection\Static Object</Filter>
    </ClCompile>
    <ClCompile Include="IHeart.cpp">
      <Filter>Source Files\Objects Collection\Item</Filter>
    </ClCompile>
    <ClCompile Include="IKnife.cpp">
      <Filter>Source Files\Objects Collection\Item</Filter>
    </ClCompile>
    <ClCompile Include="IWhip.cpp">
      <Filter>Source Files\Objects Collection\Item</Filter>
    </ClCompile>
    <ClCompile Include="IMoneyBag.cpp">
      <Filter>Source Files\Objects Collection\Item</Filter>
    </ClCompile>
    <ClCompile Include="MoneyBagTrigger.cpp">
      <Filter>Source Files\Objects Collection\Static Object\Hidden</Filter>
    </ClCompile>
    <ClCompile Include="Effect.cpp">
      <Filter>Source Files\Objects Collection\Static Object</Filter>
    </ClCompile>
    <ClCompile Include="ChangeScene.cpp">
      <Filter>Source Files\Objects Collection\Static Object\Hidden</Filter>
    </ClCompile>
    <ClCompile Include="PScene.cpp">
      <Filter>Source Files\Scene</Filter>
    </ClCompile>
    <ClCompile Include="Item.cpp">
      <Filter>Source Files\Objects Collection\Item</Filter>
    </ClCompile>
    <ClCompile Include="Brick.cpp">
      <Filter>Source Files\Objects Collection\Static Object\Hidden</Filter>
    </ClCompile>
    <ClCompile Include="Wall.cpp">
      <Filter>Source Files\Objects Collection\Static Object\Hidden</Filter>
    </ClCompile>
  </ItemGroup>
  <ItemGroup>
    <None Include="packages.config" />
  </ItemGroup>
  <ItemGroup>
    <ResourceCompile Include="04-Collision.rc">
      <Filter>Resource Files</Filter>
    </ResourceCompile>
  </ItemGroup>
</Project>